{
  "@noble/curves/LICENSE": "4f221aee6e072336700c408c68ab3b96a3fc09f6aebe6f48f1bd99e5ef13faec",
  "@noble/curves/README.md": "9854e5789a03b893bc3768cd669f25db0b4f3df403fa7aed5df367e4352a5646",
  "@noble/curves/abstract/bls.d.ts": "c8c78aa94b4a38637adc337de836cb041eb527c5524cb49bd2fe26520a5d159e",
  "@noble/curves/abstract/bls.d.ts.map": "cf50fcc7be30c8304f007df1e2fd803a1b099c767da382b71ca8882806e09d61",
  "@noble/curves/abstract/bls.js": "85d8a2c893c5dc68399620edb069125533fa7e894d7b25231d3077239398b425",
  "@noble/curves/abstract/bls.js.map": "14bbdc65e49ea0dd7153a4d1a5bd0937124a072740db6494e1275459e2e6ecd2",
  "@noble/curves/abstract/curve.d.ts": "77c8470b0c4e7c753019282e09de7e3cb211d19554b4c5f4dc9c63f4f99d6869",
  "@noble/curves/abstract/curve.d.ts.map": "29cd791c2860f925abf7ebd3862fd2c6183cb540727640f3463f29f53b3c9446",
  "@noble/curves/abstract/curve.js": "fa597b90ed89a5c9fc659231b2af94679c290724d2db419fee0c3e3902902fb3",
  "@noble/curves/abstract/curve.js.map": "e8deedbc931c89f84c6876285b5937b569c4349ecda00cb3eee9ff08b13a5002",
  "@noble/curves/abstract/edwards.d.ts": "8b58881cb85ba02eaf002107bc0be0151414ba8ec082a4371830f09bfa75d9c2",
  "@noble/curves/abstract/edwards.d.ts.map": "381271762ae6c457b2bb2b3d01e760edaf580f0f4c48679ccec3833e8d855bc6",
  "@noble/curves/abstract/edwards.js": "4b58e733183b915d1b4c73c675e54f3d24e895f04ddff21bbb19dd848dae3c9e",
  "@noble/curves/abstract/edwards.js.map": "55ab0fd84d28f961276b349a542ebdb68fc7f1c779180a7951584a684c8ca345",
  "@noble/curves/abstract/fft.d.ts": "a9e3cf2a36a402556435370c0d9e7e21738a19f428ce94672f20535058c62dfb",
  "@noble/curves/abstract/fft.d.ts.map": "6a7f95cede4fc86a46000e2354286332a018b84f409cec740ab57ca6599d38a7",
  "@noble/curves/abstract/fft.js": "b3ad080004e7d6db3839fef60de78ec12847ff508bd6a44c7e58c4658e5202b3",
  "@noble/curves/abstract/fft.js.map": "19e5bf1089044f974b82a651913dc7cf63f85760c54130c87cf47a7881e91507",
  "@noble/curves/abstract/frost.d.ts": "c7daa95773371f6b985ee0f44d0fac79b111d04f4923205f492f90b8ee9e3796",
  "@noble/curves/abstract/frost.d.ts.map": "888fb603c7b5ff5ed1102b6ec1cd439f2e62ed567ffc7a3624c27e1b959490ba",
  "@noble/curves/abstract/frost.js": "30ea2d4cb60117b06ea74cd06d1ee1a1270d2df728407fa437c7d5e382946591",
  "@noble/curves/abstract/frost.js.map": "1c198fd51cab145e87ebdd9f40fe6842df5a33409af17b4581b1427c68117d91",
  "@noble/curves/abstract/hash-to-curve.d.ts": "8f6ca4f9652c9f86ddb7a13d7e31ec808387af06fcdc610d9cbcbccadc05931d",
  "@noble/curves/abstract/hash-to-curve.d.ts.map": "943af539a40a51574839722a9e78afb1132144d0aea29a9f89d0e25589c861ff",
  "@noble/curves/abstract/hash-to-curve.js": "5ea9542031ac4c9c94e6817de1384d52b68fcfde9724fe06a06f3ab613a74c3f",
  "@noble/curves/abstract/hash-to-curve.js.map": "51e53b0ddc0a40575d592431bae4f99a178812424c35a2cf31e5fdeed01a7996",
  "@noble/curves/abstract/modular.d.ts": "6166ff2b901ca77dc9d58169f797bc926dbc9de96163ee4a720f2f11f5b3addb",
  "@noble/curves/abstract/modular.d.ts.map": "5e8da00280220e916255a698e8c5dcac6c95047796398474feedbbcc51b6795e",
  "@noble/curves/abstract/modular.js": "3af2a1f790880bcffb7730f53b4a91ab87c32701be8f1848a236cfae83b1101b",
  "@noble/curves/abstract/modular.js.map": "fa6229f9e175eaa4d6b3b750e3996b51a7110c7126409b0d6e4bd4e686dbf311",
  "@noble/curves/abstract/montgomery.d.ts": "64346ae208817553bdc240c54bb8a03745f4e68594fbaf40c5a7b18b07fdfd67",
  "@noble/curves/abstract/montgomery.d.ts.map": "421083e2062811e3be4c2383e455e456c5ba40daede4ae1609f05421d196e9ea",
  "@noble/curves/abstract/montgomery.js": "86f9e542f8781197a3ba0de7a5456fb7d10eb23ffbdbf25ac3937aae0044b805",
  "@noble/curves/abstract/montgomery.js.map": "456d4e304187256d7b674d0f841ed14e554d97fb52a51c0b5d2946508704adc7",
  "@noble/curves/abstract/oprf.d.ts": "ac9d10d061c3c6ccc196d24f63f77cfb34c7f4d3d5dcf7c0e2e3803648c675ca",
  "@noble/curves/abstract/oprf.d.ts.map": "e6bb95d0f748ec9ce23774c95f5be96a901766ef072a0c927a02ed8901904294",
  "@noble/curves/abstract/oprf.js": "26105837d73772874441a0b77c1bc292c35385cb46bdbd076c70dc59fb0ff0fa",
  "@noble/curves/abstract/oprf.js.map": "d1dccef78aaacbd005574b6e0686b22a0ef4a3c4b62e2e8ef68907c1cd5b86bd",
  "@noble/curves/abstract/poseidon.d.ts": "ca26e9c17cebf439440dd069f8acc768d5f3fdcfd099b8875be29fa9904158e9",
  "@noble/curves/abstract/poseidon.d.ts.map": "5993924c18fe86457c764c08af82c55285ee802f96a749fd368de0ec3d9346ea",
  "@noble/curves/abstract/poseidon.js": "c436d17050b6061fa4cb51262126cb7249bbf9d886133313c17f1bf87e6eab0f",
  "@noble/curves/abstract/poseidon.js.map": "8fdace2cba5e2b8a3c72f8af093799c0c4afb86d9a5ad49cb06b63b2795af9bb",
  "@noble/curves/abstract/tower.d.ts": "4a27dae71bc104129867d9520feba8d011a47a335b7b67fb8616bdcf789ed6f6",
  "@noble/curves/abstract/tower.d.ts.map": "2cb6760a5edaebadbea93286966f3ba10caea7e2dbc1f658f9e6f368acb6d611",
  "@noble/curves/abstract/tower.js": "86defd3414b13d629f527ef9d6db2090b696caa2fca7dd21eafb88c5329ed655",
  "@noble/curves/abstract/tower.js.map": "aab35e6d44fb3fb35e4fef3b67c75ffaa48fa3845901ca055f392b9e06f2ad6d",
  "@noble/curves/abstract/weierstrass.d.ts": "67893131b82b994ab84e464d28f2a101392c32c6961052eb604e52d0ef8532d9",
  "@noble/curves/abstract/weierstrass.d.ts.map": "8e304e1f2d905d5cefd98b9b8b105cd3d804adb126dd396bc70ca5e4c3040da7",
  "@noble/curves/abstract/weierstrass.js": "188310386593be023ffadfd2fefc69b5efa79a63e0362bb8c9c11f0d5f4e673b",
  "@noble/curves/abstract/weierstrass.js.map": "3eab97a24c4bea749f4fd4b02751a1d6895c81f9e0ca6cbbce430223b4e7f4ac",
  "@noble/curves/bls12-381.d.ts": "1010d72eb91a8fb0ee737553a9e11ce16aed99948218d7797531ddeb3b056694",
  "@noble/curves/bls12-381.d.ts.map": "33655924dd5581faac4a37cdffe91d90201784c5df3534bbfdda9ad4a4e90fea",
  "@noble/curves/bls12-381.js": "a3bbb0a3ed0f1350a9a5bc0d7f8a454c851c670667ca3b3aaaba0a8d7115269a",
  "@noble/curves/bls12-381.js.map": "60932917719053f62dfe9ad8ab6b1764a07d042399bcf0f84d54b644ede003b2",
  "@noble/curves/bn254.d.ts": "cc2e1eb6d7f58058ba048544919bdc1e17fc3cc5ac1cad007f34cbe5b9eeb335",
  "@noble/curves/bn254.d.ts.map": "601df8565828b09632adaae40ea5e7153e77bfa2b9e1583d51fe714c5ca38951",
  "@noble/curves/bn254.js": "8dee7249cce4cbef90e297876c4959f56cebc09a483b48819d33b33e9b0ea057",
  "@noble/curves/bn254.js.map": "af796b85c3add01438673ca9deb07b34ee998d087291b4dd26a894a6a08d7445",
  "@noble/curves/ed25519.d.ts": "98c60dbeab73d55f18c8ac2b911d5452ebcd8df4d83ab40475b52add67d2093e",
  "@noble/curves/ed25519.d.ts.map": "4418d41ce9081c4b1c82b45f31a1f88ebfff082fb61d36abc3a446f45d30578c",
  "@noble/curves/ed25519.js": "28c6fd6157fe2d1c69ea4751844c3d8fe3ee1a496b4f10fb7b48a51c48857a21",
  "@noble/curves/ed25519.js.map": "ac46e80f7fee7ab94dbab4ef4cc3ac9cad57a7f3ffbd3d70bacd1f76919ad3c0",
  "@noble/curves/ed448.d.ts": "178417a4e8678e72afeaebca24ea5ed79c58ca06e4dcf4ba4f1815818cd74ebf",
  "@noble/curves/ed448.d.ts.map": "11217726cb7815fd0b35e7cab79ab9cfe91c6147218aa010cad7b2ab3f5a2f26",
  "@noble/curves/ed448.js": "726f64e0d4bb2ed48d08c585c399676e45c8da672060c4edc6fe2abba816105f",
  "@noble/curves/ed448.js.map": "ce33b4806d1f47f527c72447093286b36db30edb71f873efd7f54191223c529e",
  "@noble/curves/index.d.ts": "f667f6b1d66ba55f0dcd27f5ff050063fecfe289bad00e8c5d48344a775c1439",
  "@noble/curves/index.d.ts.map": "7755bad6a1fd1a6a721ae0bbaac3da2d95847c72f2dff7bdaf44d56cd82ac9d9",
  "@noble/curves/index.js": "90cbdb0ee3135186dc63c6f640844d73907a4e7e2bebb7f7976fced115053fa2",
  "@noble/curves/index.js.map": "23763a52c1553280801725720cba994ea6dd7a1fcc585d9cab990260ad635dd2",
  "@noble/curves/misc.d.ts": "59484352c10a7d07d38553f28debf2c5d9ad9d03fc9943bd8b361877e64291d1",
  "@noble/curves/misc.d.ts.map": "3bb6b3ceea2d7f64bd0c076eaf914f43d23582fd70ee1c525513797e8cdd8f57",
  "@noble/curves/misc.js": "1afe7ddde9822da4e11357e5bc838de94af5252c11b83cf094c1b837062173cb",
  "@noble/curves/misc.js.map": "46ac0f70024ca018a31b3b0481aa61381640dfc934761b277d94f6448cccd88c",
  "@noble/curves/nist.d.ts": "b7df913118b45185181411a750e07647c15256c0bcbce04a9d5f3ff4089aa571",
  "@noble/curves/nist.d.ts.map": "fff9650727f3c076bbf48a02292405b27cc52b52aa2bb82fd4068576358f993f",
  "@noble/curves/nist.js": "1e577b2c76b769a585b402ca166614f1ae3c75116406889acddebba12c72c62d",
  "@noble/curves/nist.js.map": "e5070f8ad94aee6f4a97aa24d0c481f283bf8268b5963ebb3d2c4c8808d4ead0",
  "@noble/curves/package.json": "b305a9a8e20df7767458bff98aafb7423cb39e00f543fffea5a9e0b88e0ada9e",
  "@noble/curves/secp256k1.d.ts": "7f039062bf7d864f8112773e0467695606e96aff2256ac07aea85186cd6100d4",
  "@noble/curves/secp256k1.d.ts.map": "a916de66d8dbdb8d73afeeeb40f7eb0838fd4529aaff9bba911e40913a8fca35",
  "@noble/curves/secp256k1.js": "ebd20b0ca873941f2186ddb0dbffeed25dda749d182298fe5f0d58fb2c6bb486",
  "@noble/curves/secp256k1.js.map": "0ba351216145f718d24a93cb34458f47af94948c622d34aa3c367d254e24e6a7",
  "@noble/curves/src/abstract/bls.ts": "35704e3d96d55a980667436b801b4de7aed2cada7692f02c64fb8d0b1c6e6719",
  "@noble/curves/src/abstract/curve.ts": "9d2f466ca7f77f24660147d84e36b64f9363a4fdf60776049a40fae85947d645",
  "@noble/curves/src/abstract/edwards.ts": "97282de81d6a51b5cb5f8443a472b1f7affc479a90c69c145853759af98db415",
  "@noble/curves/src/abstract/fft.ts": "45adc8c0841df6bc37ab839897f144af538590138e2444872c516092db51edd3",
  "@noble/curves/src/abstract/frost.ts": "38d34fc9f12186cb068748ea4bb9e86e93852d670de4c16aab23f067bb7afb37",
  "@noble/curves/src/abstract/hash-to-curve.ts": "654ec1c26c31abb05dc0c74d4468a40fafc7be00fc6c95e9f2b2c4e9025250e1",
  "@noble/curves/src/abstract/modular.ts": "6c2d77dc1d70e591e5024bb4a868f12dd1df4d866de63d9d871f9f845f48d94f",
  "@noble/curves/src/abstract/montgomery.ts": "5228f122f0547152202e805da9371d310d486f469f6aaaea450cf644877585cc",
  "@noble/curves/src/abstract/oprf.ts": "d52bcf35584b0ad786a47ca72a40ed7209f37ab5b86c415965b98a98597754b6",
  "@noble/curves/src/abstract/poseidon.ts": "345236100f33a814f54fbc43a60b58e0809f884a493fbf556858ff41498c40ad",
  "@noble/curves/src/abstract/tower.ts": "502e7b95adf580bc685130eb242cddd0b6da0f2041d3478c72bd9e083a468975",
  "@noble/curves/src/abstract/weierstrass.ts": "563361460e5d0f602c86c0289843beea8068f01c2cc7b2a9f58cbc965153a846",
  "@noble/curves/src/bls12-381.ts": "9eaf4c8a7c1ad802a7a52f0c08321649e566483f05fb43ba1077440afd6f7b1a",
  "@noble/curves/src/bn254.ts": "18bf12c1bc1d569efbf64ce33ac6b3cdad5f2a289eadc48f2a9298ec328bddbf",
  "@noble/curves/src/ed25519.ts": "b9637bdb256a0c708f37ddbd37912444519cf7ddee6c6e881bae14b9b176eabf",
  "@noble/curves/src/ed448.ts": "448a6ae98699e63d9116f41049a7e4c12328a1b0126b1e93af23a0a8b1249d75",
  "@noble/curves/src/index.ts": "b32a7b257dc52b0f4974f437854c82166ab97b211b1556785bb6624184c75210",
  "@noble/curves/src/misc.ts": "ea16b7d72ad6ca9a93d41ce1a2fca450f82cecfd8937262f427f876063e4ebf5",
  "@noble/curves/src/nist.ts": "70ae927ba568b9db823af7e5ed2e1aa2488c08c3399871608d736f4e821ed565",
  "@noble/curves/src/secp256k1.ts": "4066ffb3c027726491f570da4b63545248d6c6030476c2009f60c3568fad7f55",
  "@noble/curves/src/utils.ts": "afa875275e04b0ed8e1d38861ef2d117fd32576a83a551c8a7a8f6969b188d9b",
  "@noble/curves/src/webcrypto.ts": "419dddc222a84a07602a1dc292ed0b1c43a23b2777a5c3eefbcc70561d10de74",
  "@noble/curves/utils.d.ts": "f59d777c3891f6dfce863dd43ee46a870a63459669032d134d1bd11e24ab5ba6",
  "@noble/curves/utils.d.ts.map": "9e85c801def173b0ad88373cd3df4ab5b180c9cedd534efb2b1c5e7ba15bffa8",
  "@noble/curves/utils.js": "b4847e39fbb4a93e2a3e9f3945e41eabf6d58da5898cddaf45f7ed768f0e3758",
  "@noble/curves/utils.js.map": "21c8984c9e53cf0d79382628429c59cd2cb2dea661663ae34bbfc62bb0a5361d",
  "@noble/curves/webcrypto.d.ts": "e5806c201813d55c642d9d5d2b92a9fc6ef72c2c648b40b87b4727b95efac445",
  "@noble/curves/webcrypto.d.ts.map": "00db32b6f7861779187a939b80155a0cd608eb2792dbf413557072c18ab9f97f",
  "@noble/curves/webcrypto.js": "f64c2a0dcebe5423a7472316a456108b330dcac9f8e5a8240fa79432fcd984d4",
  "@noble/curves/webcrypto.js.map": "3f2fd0b99e004236e85a5ca566b6965ecb782f7808b8b1be1ae5a87e4b4c3f71",
  "@noble/hashes/LICENSE": "4f221aee6e072336700c408c68ab3b96a3fc09f6aebe6f48f1bd99e5ef13faec",
  "@noble/hashes/README.md": "e87dfafe55390e65273e1e7dfe10abf166909aa5f87a8f431521ea43a66ea97c",
  "@noble/hashes/_blake.d.ts": "8d809af1af72d2ffb294bd26c4f539c7548f2ea756b8afa2934101645f5eb8d9",
  "@noble/hashes/_blake.d.ts.map": "9c33c09d981fc17b1c7eba81551b4b8ad72f8b58756f3238a31b07114660b843",
  "@noble/hashes/_blake.js": "d25543ec4f84723fa4aec60d2d55a90b51bb7eeb9f70c747f2f55503e67ee75b",
  "@noble/hashes/_blake.js.map": "ade7fb31cdb01dc1f45def540d7b65cb4b9483e74d72e9efb16fe1a95a2317ab",
  "@noble/hashes/_md.d.ts": "d7e7a34f5a1877ad89e8ada891c47d4559649f7c41d9e97c550d491a0e98c623",
  "@noble/hashes/_md.d.ts.map": "d8375d69daa6a99c6a362edf4ca1576c92a381736d1e111d04f1c4af255b66c5",
  "@noble/hashes/_md.js": "8227b9b5cabf078a9d7f7317f7a1ace6e46627539aa9364667aec724e1636f14",
  "@noble/hashes/_md.js.map": "92d7e31e15d8050a636125f7b6f837c477bc6cace618b81ca217d1272de21c04",
  "@noble/hashes/_u64.d.ts": "9932eb9900ccf560eca21841b6223a586b256fa5c5b79c09775ebbc3bf20affb",
  "@noble/hashes/_u64.d.ts.map": "757522b4676dd1c6fcfbea1e40226f6821a53885d5d931bc7e773c479c454d4b",
  "@noble/hashes/_u64.js": "766b91a693a798f9d3cde97b25db4a6d0cef66b2ca21153d3d42424d37878870",
  "@noble/hashes/_u64.js.map": "01bac6b32e4cdf8629739deb8da436a311a7eb17723fd297b08e66a46f517869",
  "@noble/hashes/argon2.d.ts": "85cf3ba3a1e2927e1bbcef97c8165976858dce5cad9274f353a730db2a42836f",
  "@noble/hashes/argon2.d.ts.map": "4a116794119f4115f2781b30a3ffc2cabe9de9ed4f7395b97a4f9705d93ff8f8",
  "@noble/hashes/argon2.js": "234745e4cdeb7dda6df63f828532ba79463714778f772c6546066d489e28656b",
  "@noble/hashes/argon2.js.map": "2ffa23eca4cc545c1b2b4df0ad32b17b92aeff5a8061a5e273c1d294e692fe40",
  "@noble/hashes/blake1.d.ts": "b950dfa64eff1e6efaae669a1a4b5de13204f7062dd2d104db313e41fa8a1958",
  "@noble/hashes/blake1.d.ts.map": "623e13126db9d74966f3830542853980114ad7eb899305823619abdc197063d6",
  "@noble/hashes/blake1.js": "88a0649706a8a01495028458a466f71eae83dc76a14a3a501dde7e086ce9d180",
  "@noble/hashes/blake1.js.map": "b627dc46af2ac7647a152bdbbfc79bff39f1eb2bc2bf31008b6d5370ae747ec6",
  "@noble/hashes/blake2.d.ts": "05430fddafdadc731b51474339ca8944ff988c1fbb2028160fd16726906fca56",
  "@noble/hashes/blake2.d.ts.map": "fdf15fff41878983c9843f9289bd35de0b12a68aa9474e749a29af0ee7249248",
  "@noble/hashes/blake2.js": "0349c61ff467cb14d413421b212616c0343f4dd4e36a0b1d626e1847dcabafd5",
  "@noble/hashes/blake2.js.map": "4a23d6d0e79cb386fb48cdc3c5d5fb29293f41bebdb113242a01625f9d738bd3",
  "@noble/hashes/blake3.d.ts": "a52e2e71f34040c09d74fd321a5613f8763af7942f096ba9e9afc7fe3f38448d",
  "@noble/hashes/blake3.d.ts.map": "4003e04a44015032d90d46086c011bbf89f3c762400cded11a633ca36cac3a60",
  "@noble/hashes/blake3.js": "fa2cf9aa74cc1a4c2e3a3c4b6bc2c9e7b060fa01f9b8b472ba9cfa6cdb516563",
  "@noble/hashes/blake3.js.map": "d2b5332f34a5ed5ec215a28e390ada32d014b6ab80b2dc13ced93fc2cf2c62c4",
  "@noble/hashes/eskdf.d.ts": "d512c960f6a500828263c782045181c1a063c8afa6da5136f1e8f454a822a91e",
  "@noble/hashes/eskdf.d.ts.map": "f763153495ba532ceba94217e7d493f30007a48214e14e6a13b6efd85614a95d",
  "@noble/hashes/eskdf.js": "0e9224c728638dd84c5ae36bc3bd497ba5d469d79ffe4a678aa14542066aca53",
  "@noble/hashes/eskdf.js.map": "fc8bdba43e5737f26b5a4ddd6179fcf12bbea1b8c3efd04653790d20fb2189b1",
  "@noble/hashes/hkdf.d.ts": "78a7b31e84db4998964ded8db68c99a88108a10ef8e8909d335b71bd1e419003",
  "@noble/hashes/hkdf.d.ts.map": "b445c737942c78f03eafeeabdd8c1ee31a8e7db346d2cc8fcd74ce81e7b12673",
  "@noble/hashes/hkdf.js": "c0de209ef30cc76c14781d7746e6802b44eb17b7bfad6c07e5c17c5806c9836d",
  "@noble/hashes/hkdf.js.map": "1b99f324224123fc48d1fe6f69652c1ceb3b7b6ca8935b0ef15504b220a66e63",
  "@noble/hashes/hmac.d.ts": "2c8266d989528442c6967133a6caccb1f98acee8f64dbc3633fca9a59d42ef10",
  "@noble/hashes/hmac.d.ts.map": "56212ea4ac3b4f5b9d57f756ee8e9e0a493f6a9d899a5386ba9a0b653aee4a7c",
  "@noble/hashes/hmac.js": "137ed94227806b351a55b09801287a4dba72d2a35d3838730becf641271bc3dd",
  "@noble/hashes/hmac.js.map": "97b2b9333b804257bc78d72144dedc41ee7f1158d472b20dcb433a15d2d52ad7",
  "@noble/hashes/index.d.ts": "f667f6b1d66ba55f0dcd27f5ff050063fecfe289bad00e8c5d48344a775c1439",
  "@noble/hashes/index.d.ts.map": "7755bad6a1fd1a6a721ae0bbaac3da2d95847c72f2dff7bdaf44d56cd82ac9d9",
  "@noble/hashes/index.js": "3c9667faad18381e2bb97e6cb66db21f61bd25eb38d0b433619bb25c463f0355",
  "@noble/hashes/index.js.map": "83b6afe18f37031aa4c8392ad00baf0ab21198c110cf46bc39400e980924c855",
  "@noble/hashes/legacy.d.ts": "038e9c0f13a591880b6e5850d2989481dbef39a1f69ec6c5610f291498d1f4ee",
  "@noble/hashes/legacy.d.ts.map": "a45be558d2b50f9c16c43c9bcbddd79432b355c2a3ddde0bcb9bcc95c8cfc45d",
  "@noble/hashes/legacy.js": "4722d1db35565d162f60f56065a6c283397188f582255b2a3cef809837b254cd",
  "@noble/hashes/legacy.js.map": "75bdccc13ec3c786fb7477b621eb5e71928b7b6a2633e1d4e00445e9bbc2b3ce",
  "@noble/hashes/package.json": "df2580ed1896b0deffc07437c6a8d83fcf233e4c4c1e77c12e491563222c4719",
  "@noble/hashes/pbkdf2.d.ts": "d29d2f98f32eaa310f3ad5eea66f67a53cf3b560908a1dee9b037b6937e1480f",
  "@noble/hashes/pbkdf2.d.ts.map": "0eaa93589f875a6bb23b177180f3f82beb9b9f6c860a3e72fc5f8667e1ee28e3",
  "@noble/hashes/pbkdf2.js": "d61f870b99cf8e67b6df0ae5f582c74177445844d6a92ea51e8060032d05b555",
  "@noble/hashes/pbkdf2.js.map": "0d087596faad30cbd7c4ba8b8ea9a5901f972b27f0980a4b81e0a4c8c1651366",
  "@noble/hashes/scrypt.d.ts": "b0d010fe61506614e26981c05ca5a050ce39280f9fce1ba2a64ff7a2af09c94e",
  "@noble/hashes/scrypt.d.ts.map": "c2e1e42a3d0ecddad7cf4448e226bab3e2ecb017fd5ad9ed6d006e3fe474b346",
  "@noble/hashes/scrypt.js": "fa8355cfeac385ec3bedf5902c51f109df3a16622c7efa9926f5dc4cdf9361c2",
  "@noble/hashes/scrypt.js.map": "980579eba718b4e733d95349093fda4e6d6907681e8181a5b6d3566209344653",
  "@noble/hashes/sha2.d.ts": "e4bb95a0c8fe1fa1de39286287a8e9f714e8b27639064eaabcdbed9c2c55d02e",
  "@noble/hashes/sha2.d.ts.map": "ef16788d3a6d9024543a6f8e70110af7b6a2a054622282b7e2c7e74c7761abbf",
  "@noble/hashes/sha2.js": "0fb8e3c3f2c73a890be2524ac5d2542aaed4decff69e561231a86131203b3973",
  "@noble/hashes/sha2.js.map": "3ff4a350f0c889147a4c1952a115fe22ade88c2418433635b56eab32ee6133fd",
  "@noble/hashes/sha3-addons.d.ts": "91afb3ee38724ff044d2b57cd835350a6c41e0f446671aa232ad8fc90417fe17",
  "@noble/hashes/sha3-addons.d.ts.map": "fc3103ebd0ca44e971688a1abbfd8047dfd4ef88c3f7dd4effd74a1a96f6b6eb",
  "@noble/hashes/sha3-addons.js": "2111ee351601d648828ce66b532662cf1f1e2fa27ae2e4b1bbecf97159fb301f",
  "@noble/hashes/sha3-addons.js.map": "1917a8d84bb5018fe0696ecaa9bb12841c1c1e127ae4885a5cb152b319d9a6bc",
  "@noble/hashes/sha3.d.ts": "47c94c6c03262bd2f68985060d4086560d00e898fcbf5e95f01de51e8cbcb8ab",
  "@noble/hashes/sha3.d.ts.map": "ae7bcb18660bdb8fc500284318f475f0ad81151fdcdb7e89d0d01b23d3d5f1ef",
  "@noble/hashes/sha3.js": "55b453d0a65c657aa408ec86d4ea8dd8f96740cd68963ea9ef180db4004f878f",
  "@noble/hashes/sha3.js.map": "fae8bd97ffd8cd3dee2ea1c5a1571cdb0e322b45da026f4b8c70b2b065afee21",
  "@noble/hashes/src/_blake.ts": "03c2ce5f9ce4400e45f48d1083d2851092dfb6b5c23d4a739ea87ad86d120818",
  "@noble/hashes/src/_md.ts": "075488c9f102694bddcf71e30aae477d91dbc833f8a555bd11828954ebd6da16",
  "@noble/hashes/src/_u64.ts": "af1a378f452ba03fb2302ed79f26764dc863982512681ffc068a122e3f3e4ed3",
  "@noble/hashes/src/argon2.ts": "4f56a2c933caef2037a37e1ef749c6329b132482edc4e6560dd758e1f78ce2f4",
  "@noble/hashes/src/blake1.ts": "1c29a6c54eeab28720e3082aa0b60aafd8aa01c51f7af11212c82b1cc32982b0",
  "@noble/hashes/src/blake2.ts": "aa8ae43c63113ca05d4727c70385fd9a5b2fca539e44d8ba4ecb89f4447e3e28",
  "@noble/hashes/src/blake3.ts": "e77d358bb5ab896d66e20e6d77cfea09168b79cdd53c37bfaa569488d750b605",
  "@noble/hashes/src/eskdf.ts": "6aebb0e4ca27f2227d0e9d1f1f042b3ff8d74c68fb3465297b9653feb516855e",
  "@noble/hashes/src/hkdf.ts": "a92d0498f18771c17d2b45feb147640f2eb8c3593522e48ca9f2f05fa2a975c1",
  "@noble/hashes/src/hmac.ts": "c036247c1df936ece5cef21d10827b4fe4aecbc27934520f3d775c6ae120149a",
  "@noble/hashes/src/index.ts": "9f2034ab7b5c452fd7b2b9df6ec7ef0266830cd11f05908e9f5e862993a19c30",
  "@noble/hashes/src/legacy.ts": "c7a602006acaa6bdf2c77340dec674255f8e79445006e3210daa49699f0b2c9b",
  "@noble/hashes/src/pbkdf2.ts": "9073ca755fa8ac828cfc8b57fb76897d63dd30bb07373afa629d846b5d3ad5f4",
  "@noble/hashes/src/scrypt.ts": "cc64e929d9f8e1a5340c891d88bb249d4483e46f47aa9683a65927cccc39776f",
  "@noble/hashes/src/sha2.ts": "cbfb39c31c0cc4eac0a5c3a3e865a4919b7aee3d535ea060e025881e25f0992a",
  "@noble/hashes/src/sha3-addons.ts": "21df8ac0d3e81f6bd7d2fe084a32a56a319e96887512e219170898c3151dd6fd",
  "@noble/hashes/src/sha3.ts": "a54cfefe730fd657db7456b5c30e0103e828ef52026020fdb479afe4a87bb543",
  "@noble/hashes/src/utils.ts": "f6d41d00837e63f8f96f4cc6d3a9f2b1f907858eb1501b96d257e085d6410b16",
  "@noble/hashes/src/webcrypto.ts": "d9ac6b1041b15fc38651ca28184d938f6b36a24f2ba0a5ed5c823c7c5e3622d0",
  "@noble/hashes/utils.d.ts": "ed8b5ae9e1f97b6aaf52f7ed14ffabf6ed0cdd7946210ef26f19219023393c62",
  "@noble/hashes/utils.d.ts.map": "336aba14ab08a90f5b36f9dbb3f2c32b9f539491bcf5aeb8e078ad3b7b80a172",
  "@noble/hashes/utils.js": "e2adfc13c846487feff0410bd5508a1d66f5ebadc3188f3a40a6b55449981e2f",
  "@noble/hashes/utils.js.map": "8a56fa0c496abef9ac999dcb6db5f66eadbab3a849f674a3d62abc9c30521666",
  "@noble/hashes/webcrypto.d.ts": "eb2c9abbad2d68e86adc437b2fc307bec69e62cecbd5ad8c244795d65e8ef5cb",
  "@noble/hashes/webcrypto.d.ts.map": "3e915ede2df86777e7e5e26e30f3670f10bda6fc193c2b90068d329082c12a6e",
  "@noble/hashes/webcrypto.js": "549577dbf7db80b5faad042045eb4f39692088578bf4a4603b31f781b5e7ca9e",
  "@noble/hashes/webcrypto.js.map": "10f0a20bbf420597a7413cdfd156d3a5b301e80ffd1b4bc5d5fd7e198ad97d2b",
  "@scure/base/LICENSE": "3239e134eb6e6d64538ca76498c7fcb08a395249dd9d4af9927bf6d0169ee429",
  "@scure/base/README.md": "1f0fc26f86622729878768c0980814496a8ccd43c2b02365d0f959f0ace84970",
  "@scure/base/index.d.ts": "5e673df579ba0e3b7905313f61893aad9c7f649bcdded753d1ed03cb9fea5c4a",
  "@scure/base/index.d.ts.map": "7f14610026dc6c205d2b6d0eb6612206b0243794d99ce9eb7fc488a26daa8b7d",
  "@scure/base/index.js": "69501488e8af95addf77a91cb4255292ff45fdd7a63bf4cae3d329d02fd330a7",
  "@scure/base/index.js.map": "e24e3d3686ffb0d819452443c8835e38b2ead186f78775af6b4ff386ee925555",
  "@scure/base/index.ts": "27ef10c481d8b89e072de65f7c75b97fe4919ce5f8e1a9f6c7d17f2f28c62a00",
  "@scure/base/package.json": "cfdeaaeafd8ebfb6b380e39348d755654363980b42903de26a5d70e5c5f68498",
  "@scure/bip32/LICENSE": "1565efd0ec4580bfaa96c7eeaaa9af3791baa1cc562c3bde62d0a055910b9ec7",
  "@scure/bip32/README.md": "6d286c69a3a1e5934e0bc721bdf82d1b7ddad662908eb9c4aec5db022e5850d4",
  "@scure/bip32/index.d.ts": "3c67adbd4d1593bd71d51f35aea6b5833ee4407e50c48ce3688dd0555474d783",
  "@scure/bip32/index.d.ts.map": "8d9d463dd450704a16888a1537566694cdc9f898c0166999782fa70e20156756",
  "@scure/bip32/index.js": "f7b8b1904789139ae1346217251c64290764bd22c539842cb449a753899fe318",
  "@scure/bip32/index.js.map": "d334bb1584b5aa448aadc0f160e75f548efddba1b98429dcfa40c90b46c8e9d6",
  "@scure/bip32/index.ts": "515610169cec56ad5bb9c8e3e96c87cd0a5dcbadc418d74a96f10fa7264e4fa1",
  "@scure/bip32/package.json": "2fa38d0aa7b4df931ce1de1b2b8e21029347f87c354fe340996244ae2cfc1d18",
  "@scure/bip39/LICENSE": "1565efd0ec4580bfaa96c7eeaaa9af3791baa1cc562c3bde62d0a055910b9ec7",
  "@scure/bip39/README.md": "a98c795357b99f97104a0909d891f697066125ec2f9ce0caa44c76d7184b620e",
  "@scure/bip39/index.d.ts": "4599e3d153f11110d2ab57f87e75e9e546aaa2e2e9d7f7ef8e61a24f474f2c6f",
  "@scure/bip39/index.js": "be708d0ae928a1ecc6060a50f4a375642611ff84585996d34ae8b099d8788337",
  "@scure/bip39/package.json": "3c44ce93bffc3a48a170f90b796aa4391d76f6a10f4318754e9540d606bf793c",
  "@scure/bip39/src/index.ts": "6a4db8d021dd7eeb4d3c9e2bacbe6365dabf7a06facb94c739ef774946696b1b",
  "@scure/bip39/wordlists/czech.d.ts": "7f71964640e3d32473f6156a91619bc743bf45227e84e6aa07b615404a856882",
  "@scure/bip39/wordlists/czech.js": "74ff823628bc113232ebbe5353d30202a7f93e72228ae575d06c8da6fc0eaf5b",
  "@scure/bip39/wordlists/english.d.ts": "5da3500eab422d8d3ae8bc12d526c3833a1acc77a29872811c8c6d33b0e39bf4",
  "@scure/bip39/wordlists/english.js": "961d1c711e071b4a5bb698461cce45614cc487d9a45e99bb975a174f0ea2dbc4",
  "@scure/bip39/wordlists/french.d.ts": "62c906cc201e2e562b0ae96589f71bd827bbaeacf2afdbbb70b6c70e472a2ae8",
  "@scure/bip39/wordlists/french.js": "c99f1fbe243759624070c4287950783d819f3659d16a5a95f6259d25713af87e",
  "@scure/bip39/wordlists/italian.d.ts": "5c2728d84f75985b57681a3a40fd7d29afc1803caf65ca4329ab4bfdb20874d1",
  "@scure/bip39/wordlists/italian.js": "9540e634c96333249ad1d72830b7b50efc8cbd749b599363258cf2868ea34858",
  "@scure/bip39/wordlists/japanese.d.ts": "615fe02d819d58d619d89b1f6ecb39586da293499726bdfbdf5e316ae3784552",
  "@scure/bip39/wordlists/japanese.js": "978af90523b0a675c2db30d79fa637815db973e933276faa51d23bf1c02d8df3",
  "@scure/bip39/wordlists/korean.d.ts": "4080c77671acc230dd06b9e3d52be05ab8f8371fc748fbaad93700a02e6f2a91",
  "@scure/bip39/wordlists/korean.js": "6264c513060ceb3631f462f2f9d871f8fd2ed4d1e9f7d8f83dd96ee71a098a02",
  "@scure/bip39/wordlists/portuguese.d.ts": "751b2f0ae0f82d899086f3ef9d015ec38342f655e1851a44f6bdb8c918cb037c",
  "@scure/bip39/wordlists/portuguese.js": "43b731508ceece2d8da5cb5b7b7225808b931621a6c1b9cff410f65fb2833260",
  "@scure/bip39/wordlists/simplified-chinese.d.ts": "cdf1a88c20e7538e6388171a97a9755f49db551e4438ac2165554f6ad8fed537",
  "@scure/bip39/wordlists/simplified-chinese.js": "75ca2d6daf87415dc7025079d16b0a78a84db5d1c8ecd71ed0f83728120898a7",
  "@scure/bip39/wordlists/spanish.d.ts": "4a0af0e4a8c02b305c03540c0a13524142ce249dd688b6c72fbe16edf036f5a5",
  "@scure/bip39/wordlists/spanish.js": "1534525718ee5f15af96fe69f5ed2a22ddae1cee923eae4fa38ea84c6d96ff11",
  "@scure/bip39/wordlists/traditional-chinese.d.ts": "05996cf5b66693459fb1791022ed19a3320353888b6483ec0d9b175ce00e17c5",
  "@scure/bip39/wordlists/traditional-chinese.js": "d8abd3d1e84497d9bf74557f4f6deaddbd875c4c4b2c0cb10482447c06aac771",
  "qrcode-generator/qrcode.d.ts": "4022c64559ce8370fe753aabb64cfa5ebca968a59dd1e7a3d14b30eee5a4b386",
  "qrcode-generator/qrcode.js": "79ec86f82856005b1c887905cfccfcfbec3821ca61c7fd5a952faa5f778f791c",
  "qrcode-generator/qrcode.mjs": "ea91d7118a5395289170da848b7c6758b996163bfbccf312591ab65a4911b7c0",
  "qrcode-generator/qrcode_SJIS.js": "7e911a12dbc45a800d5b991c9e448bce484f1399fc78066b759f8fe0714fb63d",
  "qrcode-generator/qrcode_SJIS.mjs": "77e30eb5ccf1cfab3f0c1742fd60d3cc6723b238c5238f2cccc24a751fe9bd6b",
  "qrcode-generator/qrcode_UTF8.js": "e522d64003b332e29271fdce4993ed3ae2934c8947f41654bd324ddcfa2de301",
  "qrcode-generator/qrcode_UTF8.mjs": "b06a0931c600eb94557c7949af2b0addfbd7fb56928b27859edec50f26919560"
}
